
Microsoft Visual Studio Solution File, Format Version 12.00
# Visual Studio Version 17
VisualStudioVersion = 17.1.32210.238
MinimumVisualStudioVersion = 10.0.40219.1
Project("{9A19103F-16F7-4668-BE54-9A1E7A4F7556}") = "SearchIndexUpdateWebJob", "SearchIndexUpdateWebJob\SearchIndexUpdateWebJob.csproj", "{B041CBA7-B4B2-40F4-83D2-26F667ECDC73}"
EndProject
Project("{9A19103F-16F7-4668-BE54-9A1E7A4F7556}") = "WeatherStation", "WeatherStation\WeatherStation.csproj", "{69B016B3-D90B-4327-99D0-2663555109BF}"
EndProject
Project("{2150E333-8FDC-42A3-9474-1A3956D46DE8}") = "Solution Items", "Solution Items", "{F67D24BC-3DFB-4A63-832D-DF46A344DE9C}"
	ProjectSection(SolutionItems) = preProject
		Deployment.md = Deployment.md
		README.md = README.md
	EndProjectSection
EndProject
Global
	GlobalSection(SolutionConfigurationPlatforms) = preSolution
		Debug|Any CPU = Debug|Any CPU
		Release|Any CPU = Release|Any CPU
	EndGlobalSection
	GlobalSection(ProjectConfigurationPlatforms) = postSolution
		{B041CBA7-B4B2-40F4-83D2-26F667ECDC73}.Debug|Any CPU.ActiveCfg = Debug|Any CPU
		{B041CBA7-B4B2-40F4-83D2-26F667ECDC73}.Debug|Any CPU.Build.0 = Debug|Any CPU
		{B041CBA7-B4B2-40F4-83D2-26F667ECDC73}.Release|Any CPU.ActiveCfg = Release|Any CPU
		{B041CBA7-B4B2-40F4-83D2-26F667ECDC73}.Release|Any CPU.Build.0 = Release|Any CPU
		{69B016B3-D90B-4327-99D0-2663555109BF}.Debug|Any CPU.ActiveCfg = Debug|Any CPU
		{69B016B3-D90B-4327-99D0-2663555109BF}.Debug|Any CPU.Build.0 = Debug|Any CPU
		{69B016B3-D90B-4327-99D0-2663555109BF}.Release|Any CPU.ActiveCfg = Release|Any CPU
		{69B016B3-D90B-4327-99D0-2663555109BF}.Release|Any CPU.Build.0 = Release|Any CPU
	EndGlobalSection
	GlobalSection(SolutionProperties) = preSolution
		HideSolutionNode = FALSE
	EndGlobalSection
	GlobalSection(ExtensibilityGlobals) = postSolution
		SolutionGuid = {4920D198-DD19-4AF0-82B6-DF209BE31F1E}
	EndGlobalSection
EndGlobal
